Microsoft Visual Studio Solution File, Format Version 11.00
# Visual Studio 2008

Project("{A1B33932-3D20-B666-D368-BB617E3A74A5}") = "Crazy_panda_noYMUpdate", "Assembly-CSharp.csproj", "{D70C5AEE-7CB1-FFF5-D7C5-EBA5417EB7DF}"
EndProject
Global
	GlobalSection(SolutionConfigurationPlatforms) = preSolution
		Debug|Any CPU = Debug|Any CPU
		Release|Any CPU = Release|Any CPU
	EndGlobalSection
	GlobalSection(ProjectConfigurationPlatforms) = postSolution
		{D70C5AEE-7CB1-FFF5-D7C5-EBA5417EB7DF}.Debug|Any CPU.ActiveCfg = Debug|Any CPU
		{D70C5AEE-7CB1-FFF5-D7C5-EBA5417EB7DF}.Debug|Any CPU.Build.0 = Debug|Any CPU
		{D70C5AEE-7CB1-FFF5-D7C5-EBA5417EB7DF}.Release|Any CPU.ActiveCfg = Release|Any CPU
		{D70C5AEE-7CB1-FFF5-D7C5-EBA5417EB7DF}.Release|Any CPU.Build.0 = Release|Any CPU
	EndGlobalSection
	GlobalSection(SolutionProperties) = preSolution
		HideSolutionNode = FALSE
	EndGlobalSection
	
EndGlobal
